# This file is automatically @generated by Wally.
# It is not intended for manual editing.
registry = "test"

[[package]]
name = "roblox/roact"
version = "1.4.4"
dependencies = []

[[package]]
name = "stravant/create-shared-toolbar"
version = "0.1.0"
dependencies = []

[[package]]
name = "stravant/dragger-handler"
version = "0.1.3"
dependencies = [["DraggerFramework", "stravant/draggerframework@0.1.4"], ["DraggerSchemaCore", "stravant/draggerschemacore@0.1.5"], ["Roact", "roblox/roact@1.4.4"]]

[[package]]
name = "stravant/draggerframework"
version = "0.1.4"
dependencies = [["Roact", "roblox/roact@1.4.4"]]

[[package]]
name = "stravant/draggerschemacore"
version = "0.1.5"
dependencies = [["DraggerFramework", "stravant/draggerframework@0.1.4"]]

[[package]]
name = "stravant/geometry"
version = "0.1.2"
dependencies = []

[[package]]
name = "stravant/goodsignal"
version = "0.2.1"
dependencies = []

[[package]]
name = "stravant/roblox-resizealign"
version = "1.3.1"
dependencies = [["DraggerFramework", "stravant/draggerframework@0.1.4"], ["DraggerHandler", "stravant/dragger-handler@0.1.3"], ["Geometry", "stravant/geometry@0.1.2"], ["Roact", "roblox/roact@1.4.4"], ["Signal", "stravant/goodsignal@0.2.1"], ["createSharedToolbar", "stravant/create-shared-toolbar@0.1.0"]]
